
Microsoft Visual Studio Solution File, Format Version 12.00
# Visual Studio 2013
VisualStudioVersion = 12.0.30501.0
MinimumVisualStudioVersion = 10.0.40219.1
Project("{FAE04EC0-301F-11D3-BF4B-00C04F79EFBC}") = "ayubo", "ayubo\ayubo.csproj", "{BEECA09E-F6BF-4BF4-B7D0-770286B280EF}"
EndProject
Global
	GlobalSection(SolutionConfigurationPlatforms) = preSolution
		Debug|Any CPU = Debug|Any CPU
		Release|Any CPU = Release|Any CPU
	EndGlobalSection
	GlobalSection(ProjectConfigurationPlatforms) = postSolution
		{BEECA09E-F6BF-4BF4-B7D0-770286B280EF}.Debug|Any CPU.ActiveCfg = Debug|Any CPU
		{BEECA09E-F6BF-4BF4-B7D0-770286B280EF}.Debug|Any CPU.Build.0 = Debug|Any CPU
		{BEECA09E-F6BF-4BF4-B7D0-770286B280EF}.Release|Any CPU.ActiveCfg = Release|Any CPU
		{BEECA09E-F6BF-4BF4-B7D0-770286B280EF}.Release|Any CPU.Build.0 = Release|Any CPU
	EndGlobalSection
	GlobalSection(SolutionProperties) = preSolution
		HideSolutionNode = FALSE
	EndGlobalSection
EndGlobal
